
Microsoft Visual Studio Solution File, Format Version 12.00
# Visual Studio Version 16
VisualStudioVersion = 16.0.29418.71
MinimumVisualStudioVersion = 10.0.40219.1
Project("{FAE04EC0-301F-11D3-BF4B-00C04F79EFBC}") = "Factory", "Factory\Factory.csproj", "{D9331D64-B54F-4912-8045-43536C4AD893}"
EndProject
Project("{FAE04EC0-301F-11D3-BF4B-00C04F79EFBC}") = "Products", "Products\Products.csproj", "{FC1C1DD6-AA40-42A7-BB14-C682C1559074}"
EndProject
Project("{FAE04EC0-301F-11D3-BF4B-00C04F79EFBC}") = "FactoriesAndBuilder", "FactoriesAndBuilder\FactoriesAndBuilder.csproj", "{199B9E0E-1C63-4D6B-B69E-502BE998C742}"
EndProject
Global
	GlobalSection(SolutionConfigurationPlatforms) = preSolution
		Debug|Any CPU = Debug|Any CPU
		Release|Any CPU = Release|Any CPU
	EndGlobalSection
	GlobalSection(ProjectConfigurationPlatforms) = postSolution
		{D9331D64-B54F-4912-8045-43536C4AD893}.Debug|Any CPU.ActiveCfg = Debug|Any CPU
		{D9331D64-B54F-4912-8045-43536C4AD893}.Debug|Any CPU.Build.0 = Debug|Any CPU
		{D9331D64-B54F-4912-8045-43536C4AD893}.Release|Any CPU.ActiveCfg = Release|Any CPU
		{D9331D64-B54F-4912-8045-43536C4AD893}.Release|Any CPU.Build.0 = Release|Any CPU
		{FC1C1DD6-AA40-42A7-BB14-C682C1559074}.Debug|Any CPU.ActiveCfg = Debug|Any CPU
		{FC1C1DD6-AA40-42A7-BB14-C682C1559074}.Debug|Any CPU.Build.0 = Debug|Any CPU
		{FC1C1DD6-AA40-42A7-BB14-C682C1559074}.Release|Any CPU.ActiveCfg = Release|Any CPU
		{FC1C1DD6-AA40-42A7-BB14-C682C1559074}.Release|Any CPU.Build.0 = Release|Any CPU
		{199B9E0E-1C63-4D6B-B69E-502BE998C742}.Debug|Any CPU.ActiveCfg = Debug|Any CPU
		{199B9E0E-1C63-4D6B-B69E-502BE998C742}.Debug|Any CPU.Build.0 = Debug|Any CPU
		{199B9E0E-1C63-4D6B-B69E-502BE998C742}.Release|Any CPU.ActiveCfg = Release|Any CPU
		{199B9E0E-1C63-4D6B-B69E-502BE998C742}.Release|Any CPU.Build.0 = Release|Any CPU
	EndGlobalSection
	GlobalSection(SolutionProperties) = preSolution
		HideSolutionNode = FALSE
	EndGlobalSection
	GlobalSection(ExtensibilityGlobals) = postSolution
		SolutionGuid = {217085D0-6765-4747-BDE9-873DE4A7AA94}
	EndGlobalSection
EndGlobal
